
Microsoft Visual Studio Solution File, Format Version 12.00
Project("{FAE04EC0-301F-11D3-BF4B-00C04F79EFBC}") = "UbiquitousLanguageExamples", "UbiquitousLanguageExamples\UbiquitousLanguageExamples.csproj", "{DCCCDC8A-8FA1-4341-AD5C-C829CB2DD3AF}"
EndProject
Project("{FAE04EC0-301F-11D3-BF4B-00C04F79EFBC}") = "ValueObjectExamples", "ValueObjectExamples\ValueObjectExamples.csproj", "{0F31B044-BB31-418C-AEBB-321F3256A809}"
EndProject
Project("{FAE04EC0-301F-11D3-BF4B-00C04F79EFBC}") = "OperationResult", "OperationResult\OperationResult.csproj", "{C487250D-4965-4FFD-812F-768FF6B4DE88}"
EndProject
Project("{FAE04EC0-301F-11D3-BF4B-00C04F79EFBC}") = "Mocking", "Mocking\Mocking.csproj", "{527500B7-C707-49A9-8756-5D00BA91B387}"
EndProject
Project("{FAE04EC0-301F-11D3-BF4B-00C04F79EFBC}") = "xUnitTestProject", "xUnitTestProject\xUnitTestProject.csproj", "{71712CE9-BE62-47A3-AAA0-16C69DF181F1}"
EndProject
Global
	GlobalSection(SolutionConfigurationPlatforms) = preSolution
		Debug|Any CPU = Debug|Any CPU
		Release|Any CPU = Release|Any CPU
	EndGlobalSection
	GlobalSection(ProjectConfigurationPlatforms) = postSolution
		{DCCCDC8A-8FA1-4341-AD5C-C829CB2DD3AF}.Debug|Any CPU.ActiveCfg = Debug|Any CPU
		{DCCCDC8A-8FA1-4341-AD5C-C829CB2DD3AF}.Debug|Any CPU.Build.0 = Debug|Any CPU
		{DCCCDC8A-8FA1-4341-AD5C-C829CB2DD3AF}.Release|Any CPU.ActiveCfg = Release|Any CPU
		{DCCCDC8A-8FA1-4341-AD5C-C829CB2DD3AF}.Release|Any CPU.Build.0 = Release|Any CPU
		{0F31B044-BB31-418C-AEBB-321F3256A809}.Debug|Any CPU.ActiveCfg = Debug|Any CPU
		{0F31B044-BB31-418C-AEBB-321F3256A809}.Debug|Any CPU.Build.0 = Debug|Any CPU
		{0F31B044-BB31-418C-AEBB-321F3256A809}.Release|Any CPU.ActiveCfg = Release|Any CPU
		{0F31B044-BB31-418C-AEBB-321F3256A809}.Release|Any CPU.Build.0 = Release|Any CPU
		{C487250D-4965-4FFD-812F-768FF6B4DE88}.Debug|Any CPU.ActiveCfg = Debug|Any CPU
		{C487250D-4965-4FFD-812F-768FF6B4DE88}.Debug|Any CPU.Build.0 = Debug|Any CPU
		{C487250D-4965-4FFD-812F-768FF6B4DE88}.Release|Any CPU.ActiveCfg = Release|Any CPU
		{C487250D-4965-4FFD-812F-768FF6B4DE88}.Release|Any CPU.Build.0 = Release|Any CPU
		{527500B7-C707-49A9-8756-5D00BA91B387}.Debug|Any CPU.ActiveCfg = Debug|Any CPU
		{527500B7-C707-49A9-8756-5D00BA91B387}.Debug|Any CPU.Build.0 = Debug|Any CPU
		{527500B7-C707-49A9-8756-5D00BA91B387}.Release|Any CPU.ActiveCfg = Release|Any CPU
		{527500B7-C707-49A9-8756-5D00BA91B387}.Release|Any CPU.Build.0 = Release|Any CPU
		{71712CE9-BE62-47A3-AAA0-16C69DF181F1}.Debug|Any CPU.ActiveCfg = Debug|Any CPU
		{71712CE9-BE62-47A3-AAA0-16C69DF181F1}.Debug|Any CPU.Build.0 = Debug|Any CPU
		{71712CE9-BE62-47A3-AAA0-16C69DF181F1}.Release|Any CPU.ActiveCfg = Release|Any CPU
		{71712CE9-BE62-47A3-AAA0-16C69DF181F1}.Release|Any CPU.Build.0 = Release|Any CPU
	EndGlobalSection
EndGlobal
