
Microsoft Visual Studio Solution File, Format Version 12.00
Project("{2150E333-8FDC-42A3-9474-1A3956D46DE8}") = "src", "src", "{DF220C02-14AD-4C1B-B07B-80BD691EFB0B}"
EndProject
Project("{2150E333-8FDC-42A3-9474-1A3956D46DE8}") = "test", "test", "{06612962-FD35-4DC1-9DD4-A5641E05BC94}"
EndProject
Project("{2150E333-8FDC-42A3-9474-1A3956D46DE8}") = "doc", "doc", "{88FCD570-6FC6-4100-9B56-28AB446E32A4}"
EndProject
Project("{2150E333-8FDC-42A3-9474-1A3956D46DE8}") = "Core", "Core", "{98C0867C-9A42-4657-B771-19BA64DAB338}"
EndProject
Project("{2150E333-8FDC-42A3-9474-1A3956D46DE8}") = "Infrastructure", "Infrastructure", "{B0B78BAB-5396-4E07-9689-A33501299610}"
EndProject
Project("{2150E333-8FDC-42A3-9474-1A3956D46DE8}") = "Presentation", "Presentation", "{A49DE707-EE52-4629-B2D7-37CA797D22F2}"
EndProject
Project("{FAE04EC0-301F-11D3-BF4B-00C04F79EFBC}") = "DCAExamples.Core.Domain", "src\Core\DCAExamples.Core.Domain\DCAExamples.Core.Domain.csproj", "{FE450C58-C712-476B-8E27-22E48F44164F}"
EndProject
Project("{FAE04EC0-301F-11D3-BF4B-00C04F79EFBC}") = "DCAExamples.Core.Application", "src\Core\DCAExamples.Core.Application\DCAExamples.Core.Application.csproj", "{7602FF44-81FF-45A3-9000-0DDFE80C082D}"
EndProject
Project("{2150E333-8FDC-42A3-9474-1A3956D46DE8}") = "Examples", "Examples", "{84CA36A1-6F2F-4212-A59D-F54BA9B2C16A}"
EndProject
Project("{FAE04EC0-301F-11D3-BF4B-00C04F79EFBC}") = "Examples", "src\Examples\Examples\Examples.csproj", "{255B054F-54D8-420A-A4DE-9F4333E206E7}"
EndProject
Project("{FAE04EC0-301F-11D3-BF4B-00C04F79EFBC}") = "DCAExamples.Tests", "test\DCAExamples.Tests\DCAExamples.Tests.csproj", "{6DDD1FAD-3B30-4CDB-868E-E627283DDED3}"
EndProject
Global
	GlobalSection(SolutionConfigurationPlatforms) = preSolution
		Debug|Any CPU = Debug|Any CPU
		Release|Any CPU = Release|Any CPU
	EndGlobalSection
	GlobalSection(ProjectConfigurationPlatforms) = postSolution
		{5044CE2F-9646-413D-8AA0-44E9A12BFCC1}.Debug|Any CPU.ActiveCfg = Debug|Any CPU
		{5044CE2F-9646-413D-8AA0-44E9A12BFCC1}.Debug|Any CPU.Build.0 = Debug|Any CPU
		{5044CE2F-9646-413D-8AA0-44E9A12BFCC1}.Release|Any CPU.ActiveCfg = Release|Any CPU
		{5044CE2F-9646-413D-8AA0-44E9A12BFCC1}.Release|Any CPU.Build.0 = Release|Any CPU
		{FE450C58-C712-476B-8E27-22E48F44164F}.Debug|Any CPU.ActiveCfg = Debug|Any CPU
		{FE450C58-C712-476B-8E27-22E48F44164F}.Debug|Any CPU.Build.0 = Debug|Any CPU
		{FE450C58-C712-476B-8E27-22E48F44164F}.Release|Any CPU.ActiveCfg = Release|Any CPU
		{FE450C58-C712-476B-8E27-22E48F44164F}.Release|Any CPU.Build.0 = Release|Any CPU
		{7602FF44-81FF-45A3-9000-0DDFE80C082D}.Debug|Any CPU.ActiveCfg = Debug|Any CPU
		{7602FF44-81FF-45A3-9000-0DDFE80C082D}.Debug|Any CPU.Build.0 = Debug|Any CPU
		{7602FF44-81FF-45A3-9000-0DDFE80C082D}.Release|Any CPU.ActiveCfg = Release|Any CPU
		{7602FF44-81FF-45A3-9000-0DDFE80C082D}.Release|Any CPU.Build.0 = Release|Any CPU
		{255B054F-54D8-420A-A4DE-9F4333E206E7}.Debug|Any CPU.ActiveCfg = Debug|Any CPU
		{255B054F-54D8-420A-A4DE-9F4333E206E7}.Debug|Any CPU.Build.0 = Debug|Any CPU
		{255B054F-54D8-420A-A4DE-9F4333E206E7}.Release|Any CPU.ActiveCfg = Release|Any CPU
		{255B054F-54D8-420A-A4DE-9F4333E206E7}.Release|Any CPU.Build.0 = Release|Any CPU
		{6DDD1FAD-3B30-4CDB-868E-E627283DDED3}.Debug|Any CPU.ActiveCfg = Debug|Any CPU
		{6DDD1FAD-3B30-4CDB-868E-E627283DDED3}.Debug|Any CPU.Build.0 = Debug|Any CPU
		{6DDD1FAD-3B30-4CDB-868E-E627283DDED3}.Release|Any CPU.ActiveCfg = Release|Any CPU
		{6DDD1FAD-3B30-4CDB-868E-E627283DDED3}.Release|Any CPU.Build.0 = Release|Any CPU
	EndGlobalSection
	GlobalSection(NestedProjects) = preSolution
		{98C0867C-9A42-4657-B771-19BA64DAB338} = {DF220C02-14AD-4C1B-B07B-80BD691EFB0B}
		{B0B78BAB-5396-4E07-9689-A33501299610} = {DF220C02-14AD-4C1B-B07B-80BD691EFB0B}
		{A49DE707-EE52-4629-B2D7-37CA797D22F2} = {DF220C02-14AD-4C1B-B07B-80BD691EFB0B}
		{FE450C58-C712-476B-8E27-22E48F44164F} = {98C0867C-9A42-4657-B771-19BA64DAB338}
		{7602FF44-81FF-45A3-9000-0DDFE80C082D} = {98C0867C-9A42-4657-B771-19BA64DAB338}
		{84CA36A1-6F2F-4212-A59D-F54BA9B2C16A} = {DF220C02-14AD-4C1B-B07B-80BD691EFB0B}
		{255B054F-54D8-420A-A4DE-9F4333E206E7} = {84CA36A1-6F2F-4212-A59D-F54BA9B2C16A}
		{6DDD1FAD-3B30-4CDB-868E-E627283DDED3} = {06612962-FD35-4DC1-9DD4-A5641E05BC94}
	EndGlobalSection
EndGlobal
