
Microsoft Visual Studio Solution File, Format Version 12.00
Project("{FAE04EC0-301F-11D3-BF4B-00C04F79EFBC}") = "UbiquitousLanguageExamples", "UbiquitousLanguageExamples\UbiquitousLanguageExamples.csproj", "{DCCCDC8A-8FA1-4341-AD5C-C829CB2DD3AF}"
EndProject
Project("{FAE04EC0-301F-11D3-BF4B-00C04F79EFBC}") = "ValueObjectExamples", "ValueObjectExamples\ValueObjectExamples.csproj", "{0F31B044-BB31-418C-AEBB-321F3256A809}"
EndProject
Global
	GlobalSection(SolutionConfigurationPlatforms) = preSolution
		Debug|Any CPU = Debug|Any CPU
		Release|Any CPU = Release|Any CPU
	EndGlobalSection
	GlobalSection(ProjectConfigurationPlatforms) = postSolution
		{DCCCDC8A-8FA1-4341-AD5C-C829CB2DD3AF}.Debug|Any CPU.ActiveCfg = Debug|Any CPU
		{DCCCDC8A-8FA1-4341-AD5C-C829CB2DD3AF}.Debug|Any CPU.Build.0 = Debug|Any CPU
		{DCCCDC8A-8FA1-4341-AD5C-C829CB2DD3AF}.Release|Any CPU.ActiveCfg = Release|Any CPU
		{DCCCDC8A-8FA1-4341-AD5C-C829CB2DD3AF}.Release|Any CPU.Build.0 = Release|Any CPU
		{0F31B044-BB31-418C-AEBB-321F3256A809}.Debug|Any CPU.ActiveCfg = Debug|Any CPU
		{0F31B044-BB31-418C-AEBB-321F3256A809}.Debug|Any CPU.Build.0 = Debug|Any CPU
		{0F31B044-BB31-418C-AEBB-321F3256A809}.Release|Any CPU.ActiveCfg = Release|Any CPU
		{0F31B044-BB31-418C-AEBB-321F3256A809}.Release|Any CPU.Build.0 = Release|Any CPU
	EndGlobalSection
EndGlobal
